// !$*UTF8*$!
{
	archiveVersion = 1;
	classes = {
	};
	objectVersion = 46;
	objects = {

/* Begin PBXBuildFile section */
		0421728419D998800098046D /* StatsViewController.m in Sources */ = {isa = PBXBuildFile; fileRef = 0421728319D998800098046D /* StatsViewController.m */; };
		0482110519D3F98700A43191 /* main.m in Sources */ = {isa = PBXBuildFile; fileRef = 0482110419D3F98700A43191 /* main.m */; };
		0482110819D3F98700A43191 /* AppDelegate.m in Sources */ = {isa = PBXBuildFile; fileRef = 0482110719D3F98700A43191 /* AppDelegate.m */; };
		0482110B19D3F98700A43191 /* ViewController.m in Sources */ = {isa = PBXBuildFile; fileRef = 0482110A19D3F98700A43191 /* ViewController.m */; };
		0482110E19D3F98700A43191 /* Main.storyboard in Resources */ = {isa = PBXBuildFile; fileRef = 0482110C19D3F98700A43191 /* Main.storyboard */; };
		0482111019D3F98700A43191 /* Images.xcassets in Resources */ = {isa = PBXBuildFile; fileRef = 0482110F19D3F98700A43191 /* Images.xcassets */; };
		0482111319D3F98700A43191 /* LaunchScreen.xib in Resources */ = {isa = PBXBuildFile; fileRef = 0482111119D3F98700A43191 /* LaunchScreen.xib */; };
		0482111F19D3F98700A43191 /* AttributorTests.m in Sources */ = {isa = PBXBuildFile; fileRef = 0482111E19D3F98700A43191 /* AttributorTests.m */; };
/* End PBXBuildFile section */

/* Begin PBXContainerItemProxy section */
		0482111919D3F98700A43191 /* PBXContainerItemProxy */ = {
			isa = PBXContainerItemProxy;
			containerPortal = 048210F719D3F98700A43191 /* Project object */;
			proxyType = 1;
			remoteGlobalIDString = 048210FE19D3F98700A43191;
			remoteInfo = Attributor;
		};
/* End PBXContainerItemProxy section */

/* Begin PBXFileReference section */
		0421728219D998800098046D /* StatsViewController.h */ = {isa = PBXFileReference; fileEncoding = 4; lastKnownFileType = sourcecode.c.h; path = StatsViewController.h; sourceTree = "<group>"; };
		0421728319D998800098046D /* StatsViewController.m */ = {isa = PBXFileReference; fileEncoding = 4; lastKnownFileType = sourcecode.c.objc; path = StatsViewController.m; sourceTree = "<group>"; };
		048210FF19D3F98700A43191 /* Attributor.app */ = {isa = PBXFileReference; explicitFileType = wrapper.application; includeInIndex = 0; path = Attributor.app; sourceTree = BUILT_PRODUCTS_DIR; };
		0482110319D3F98700A43191 /* Info.plist */ = {isa = PBXFileReference; lastKnownFileType = text.plist.xml; path = Info.plist; sourceTree = "<group>"; };
		0482110419D3F98700A43191 /* main.m */ = {isa = PBXFileReference; lastKnownFileType = sourcecode.c.objc; path = main.m; sourceTree = "<group>"; };
		0482110619D3F98700A43191 /* AppDelegate.h */ = {isa = PBXFileReference; lastKnownFileType = sourcecode.c.h; path = AppDelegate.h; sourceTree = "<group>"; };
		0482110719D3F98700A43191 /* AppDelegate.m */ = {isa = PBXFileReference; lastKnownFileType = sourcecode.c.objc; path = AppDelegate.m; sourceTree = "<group>"; };
		0482110919D3F98700A43191 /* ViewController.h */ = {isa = PBXFileReference; lastKnownFileType = sourcecode.c.h; path = ViewController.h; sourceTree = "<group>"; };
		0482110A19D3F98700A43191 /* ViewController.m */ = {isa = PBXFileReference; lastKnownFileType = sourcecode.c.objc; path = ViewController.m; sourceTree = "<group>"; };
		0482110D19D3F98700A43191 /* Base */ = {isa = PBXFileReference; lastKnownFileType = file.storyboard; name = Base; path = Base.lproj/Main.storyboard; sourceTree = "<group>"; };
		0482110F19D3F98700A43191 /* Images.xcassets */ = {isa = PBXFileReference; lastKnownFileType = folder.assetcatalog; path = Images.xcassets; sourceTree = "<group>"; };
		0482111219D3F98700A43191 /* Base */ = {isa = PBXFileReference; lastKnownFileType = file.xib; name = Base; path = Base.lproj/LaunchScreen.xib; sourceTree = "<group>"; };
		0482111819D3F98700A43191 /* AttributorTests.xctest */ = {isa = PBXFileReference; explicitFileType = wrapper.cfbundle; includeInIndex = 0; path = AttributorTests.xctest; sourceTree = BUILT_PRODUCTS_DIR; };
		0482111D19D3F98700A43191 /* Info.plist */ = {isa = PBXFileReference; lastKnownFileType = text.plist.xml; path = Info.plist; sourceTree = "<group>"; };
		0482111E19D3F98700A43191 /* AttributorTests.m */ = {isa = PBXFileReference; lastKnownFileType = sourcecode.c.objc; path = AttributorTests.m; sourceTree = "<group>"; };
/* End PBXFileReference section */

/* Begin PBXFrameworksBuildPhase section */
		048210FC19D3F98700A43191 /* Frameworks */ = {
			isa = PBXFrameworksBuildPhase;
			buildActionMask = 2147483647;
			files = (
			);
			runOnlyForDeploymentPostprocessing = 0;
		};
		0482111519D3F98700A43191 /* Frameworks */ = {
			isa = PBXFrameworksBuildPhase;
			buildActionMask = 2147483647;
			files = (
			);
			runOnlyForDeploymentPostprocessing = 0;
		};
/* End PBXFrameworksBuildPhase section */

/* Begin PBXGroup section */
		0421728119D998310098046D /* Models */ = {
			isa = PBXGroup;
			children = (
			);
			name = Models;
			path = ..;
			sourceTree = "<group>";
		};
		048210F619D3F98700A43191 = {
			isa = PBXGroup;
			children = (
				0482110119D3F98700A43191 /* Attributor */,
				0482111B19D3F98700A43191 /* AttributorTests */,
				0482110019D3F98700A43191 /* Products */,
			);
			sourceTree = "<group>";
		};
		0482110019D3F98700A43191 /* Products */ = {
			isa = PBXGroup;
			children = (
				048210FF19D3F98700A43191 /* Attributor.app */,
				0482111819D3F98700A43191 /* AttributorTests.xctest */,
			);
			name = Products;
			sourceTree = "<group>";
		};
		0482110119D3F98700A43191 /* Attributor */ = {
			isa = PBXGroup;
			children = (
				0421728119D998310098046D /* Models */,
				0482110619D3F98700A43191 /* AppDelegate.h */,
				0482110719D3F98700A43191 /* AppDelegate.m */,
				0482110919D3F98700A43191 /* ViewController.h */,
				0482110A19D3F98700A43191 /* ViewController.m */,
				0482110C19D3F98700A43191 /* Main.storyboard */,
				0482110F19D3F98700A43191 /* Images.xcassets */,
				0482111119D3F98700A43191 /* LaunchScreen.xib */,
				0482110219D3F98700A43191 /* Supporting Files */,
				0421728219D998800098046D /* StatsViewController.h */,
				0421728319D998800098046D /* StatsViewController.m */,
			);
			path = Attributor;
			sourceTree = "<group>";
		};
		0482110219D3F98700A43191 /* Supporting Files */ = {
			isa = PBXGroup;
			children = (
				0482110319D3F98700A43191 /* Info.plist */,
				0482110419D3F98700A43191 /* main.m */,
			);
			name = "Supporting Files";
			sourceTree = "<group>";
		};
		0482111B19D3F98700A43191 /* AttributorTests */ = {
			isa = PBXGroup;
			children = (
				0482111E19D3F98700A43191 /* AttributorTests.m */,
				0482111C19D3F98700A43191 /* Supporting Files */,
			);
			path = AttributorTests;
			sourceTree = "<group>";
		};
		0482111C19D3F98700A43191 /* Supporting Files */ = {
			isa = PBXGroup;
			children = (
				0482111D19D3F98700A43191 /* Info.plist */,
			);
			name = "Supporting Files";
			sourceTree = "<group>";
		};
/* End PBXGroup section */

/* Begin PBXNativeTarget section */
		048210FE19D3F98700A43191 /* Attributor */ = {
			isa = PBXNativeTarget;
			buildConfigurationList = 0482112219D3F98700A43191 /* Build configuration list for PBXNativeTarget "Attributor" */;
			buildPhases = (
				048210FB19D3F98700A43191 /* Sources */,
				048210FC19D3F98700A43191 /* Frameworks */,
				048210FD19D3F98700A43191 /* Resources */,
			);
			buildRules = (
			);
			dependencies = (
			);
			name = Attributor;
			productName = Attributor;
			productReference = 048210FF19D3F98700A43191 /* Attributor.app */;
			productType = "com.apple.product-type.application";
		};
		0482111719D3F98700A43191 /* AttributorTests */ = {
			isa = PBXNativeTarget;
			buildConfigurationList = 0482112519D3F98700A43191 /* Build configuration list for PBXNativeTarget "AttributorTests" */;
			buildPhases = (
				0482111419D3F98700A43191 /* Sources */,
				0482111519D3F98700A43191 /* Frameworks */,
				0482111619D3F98700A43191 /* Resources */,
			);
			buildRules = (
			);
			dependencies = (
				0482111A19D3F98700A43191 /* PBXTargetDependency */,
			);
			name = AttributorTests;
			productName = AttributorTests;
			productReference = 0482111819D3F98700A43191 /* AttributorTests.xctest */;
			productType = "com.apple.product-type.bundle.unit-test";
		};
/* End PBXNativeTarget section */

/* Begin PBXProject section */
		048210F719D3F98700A43191 /* Project object */ = {
			isa = PBXProject;
			attributes = {
				LastUpgradeCheck = 0600;
				ORGANIZATIONNAME = Quynh;
				TargetAttributes = {
					048210FE19D3F98700A43191 = {
						CreatedOnToolsVersion = 6.0.1;
					};
					0482111719D3F98700A43191 = {
						CreatedOnToolsVersion = 6.0.1;
						TestTargetID = 048210FE19D3F98700A43191;
					};
				};
			};
			buildConfigurationList = 048210FA19D3F98700A43191 /* Build configuration list for PBXProject "Attributor" */;
			compatibilityVersion = "Xcode 3.2";
			developmentRegion = English;
			hasScannedForEncodings = 0;
			knownRegions = (
				en,
				Base,
			);
			mainGroup = 048210F619D3F98700A43191;
			productRefGroup = 0482110019D3F98700A43191 /* Products */;
			projectDirPath = "";
			projectRoot = "";
			targets = (
				048210FE19D3F98700A43191 /* Attributor */,
				0482111719D3F98700A43191 /* AttributorTests */,
			);
		};
/* End PBXProject section */

/* Begin PBXResourcesBuildPhase section */
		048210FD19D3F98700A43191 /* Resources */ = {
			isa = PBXResourcesBuildPhase;
			buildActionMask = 2147483647;
			files = (
				0482110E19D3F98700A43191 /* Main.storyboard in Resources */,
				0482111319D3F98700A43191 /* LaunchScreen.xib in Resources */,
				0482111019D3F98700A43191 /* Images.xcassets in Resources */,
			);
			runOnlyForDeploymentPostprocessing = 0;
		};
		0482111619D3F98700A43191 /* Resources */ = {
			isa = PBXResourcesBuildPhase;
			buildActionMask = 2147483647;
			files = (
			);
			runOnlyForDeploymentPostprocessing = 0;
		};
/* End PBXResourcesBuildPhase section */

/* Begin PBXSourcesBuildPhase section */
		048210FB19D3F98700A43191 /* Sources */ = {
			isa = PBXSourcesBuildPhase;
			buildActionMask = 2147483647;
			files = (
				0482110B19D3F98700A43191 /* ViewController.m in Sources */,
				0482110819D3F98700A43191 /* AppDelegate.m in Sources */,
				0421728419D998800098046D /* StatsViewController.m in Sources */,
				0482110519D3F98700A43191 /* main.m in Sources */,
			);
			runOnlyForDeploymentPostprocessing = 0;
		};
		0482111419D3F98700A43191 /* Sources */ = {
			isa = PBXSourcesBuildPhase;
			buildActionMask = 2147483647;
			files = (
				0482111F19D3F98700A43191 /* AttributorTests.m in Sources */,
			);
			runOnlyForDeploymentPostprocessing = 0;
		};
/* End PBXSourcesBuildPhase section */

/* Begin PBXTargetDependency section */
		0482111A19D3F98700A43191 /* PBXTargetDependency */ = {
			isa = PBXTargetDependency;
			target = 048210FE19D3F98700A43191 /* Attributor */;
			targetProxy = 0482111919D3F98700A43191 /* PBXContainerItemProxy */;
		};
/* End PBXTargetDependency section */

/* Begin PBXVariantGroup section */
		0482110C19D3F98700A43191 /* Main.storyboard */ = {
			isa = PBXVariantGroup;
			children = (
				0482110D19D3F98700A43191 /* Base */,
			);
			name = Main.storyboard;
			sourceTree = "<group>";
		};
		0482111119D3F98700A43191 /* LaunchScreen.xib */ = {
			isa = PBXVariantGroup;
			children = (
				0482111219D3F98700A43191 /* Base */,
			);
			name = LaunchScreen.xib;
			sourceTree = "<group>";
		};
/* End PBXVariantGroup section */

/* Begin XCBuildConfiguration section */
		0482112019D3F98700A43191 /* Debug */ = {
			isa = XCBuildConfiguration;
			buildSettings = {
				ALWAYS_SEARCH_USER_PATHS = NO;
				CLANG_CXX_LANGUAGE_STANDARD = "gnu++0x";
				CLANG_CXX_LIBRARY = "libc++";
				CLANG_ENABLE_MODULES = YES;
				CLANG_ENABLE_OBJC_ARC = YES;
				CLANG_WARN_BOOL_CONVERSION = YES;
				CLANG_WARN_CONSTANT_CONVERSION = YES;
				CLANG_WARN_DIRECT_OBJC_ISA_USAGE = YES_ERROR;
				CLANG_WARN_EMPTY_BODY = YES;
				CLANG_WARN_ENUM_CONVERSION = YES;
				CLANG_WARN_INT_CONVERSION = YES;
				CLANG_WARN_OBJC_ROOT_CLASS = YES_ERROR;
				CLANG_WARN_UNREACHABLE_CODE = YES;
				CLANG_WARN__DUPLICATE_METHOD_MATCH = YES;
				"CODE_SIGN_IDENTITY[sdk=iphoneos*]" = "iPhone Developer";
				COPY_PHASE_STRIP = NO;
				ENABLE_STRICT_OBJC_MSGSEND = YES;
				GCC_C_LANGUAGE_STANDARD = gnu99;
				GCC_DYNAMIC_NO_PIC = NO;
				GCC_OPTIMIZATION_LEVEL = 0;
				GCC_PREPROCESSOR_DEFINITIONS = (
					"DEBUG=1",
					"$(inherited)",
				);
				GCC_SYMBOLS_PRIVATE_EXTERN = NO;
				GCC_WARN_64_TO_32_BIT_CONVERSION = YES;
				GCC_WARN_ABOUT_RETURN_TYPE = YES_ERROR;
				GCC_WARN_UNDECLARED_SELECTOR = YES;
				GCC_WARN_UNINITIALIZED_AUTOS = YES_AGGRESSIVE;
				GCC_WARN_UNUSED_FUNCTION = YES;
				GCC_WARN_UNUSED_VARIABLE = YES;
				IPHONEOS_DEPLOYMENT_TARGET = 8.0;
				MTL_ENABLE_DEBUG_INFO = YES;
				ONLY_ACTIVE_ARCH = YES;
				SDKROOT = iphoneos;
			};
			name = Debug;
		};
		0482112119D3F98700A43191 /* Release */ = {
			isa = XCBuildConfiguration;
			buildSettings = {
				ALWAYS_SEARCH_USER_PATHS = NO;
				CLANG_CXX_LANGUAGE_STANDARD = "gnu++0x";
				CLANG_CXX_LIBRARY = "libc++";
				CLANG_ENABLE_MODULES = YES;
				CLANG_ENABLE_OBJC_ARC = YES;
				CLANG_WARN_BOOL_CONVERSION = YES;
				CLANG_WARN_CONSTANT_CONVERSION = YES;
				CLANG_WARN_DIRECT_OBJC_ISA_USAGE = YES_ERROR;
				CLANG_WARN_EMPTY_BODY = YES;
				CLANG_WARN_ENUM_CONVERSION = YES;
				CLANG_WARN_INT_CONVERSION = YES;
				CLANG_WARN_OBJC_ROOT_CLASS = YES_ERROR;
				CLANG_WARN_UNREACHABLE_CODE = YES;
				CLANG_WARN__DUPLICATE_METHOD_MATCH = YES;
				"CODE_SIGN_IDENTITY[sdk=iphoneos*]" = "iPhone Developer";
				COPY_PHASE_STRIP = YES;
				ENABLE_NS_ASSERTIONS = NO;
				ENABLE_STRICT_OBJC_MSGSEND = YES;
				GCC_C_LANGUAGE_STANDARD = gnu99;
				GCC_WARN_64_TO_32_BIT_CONVERSION = YES;
				GCC_WARN_ABOUT_RETURN_TYPE = YES_ERROR;
				GCC_WARN_UNDECLARED_SELECTOR = YES;
				GCC_WARN_UNINITIALIZED_AUTOS = YES_AGGRESSIVE;
				GCC_WARN_UNUSED_FUNCTION = YES;
				GCC_WARN_UNUSED_VARIABLE = YES;
				IPHONEOS_DEPLOYMENT_TARGET = 8.0;
				MTL_ENABLE_DEBUG_INFO = NO;
				SDKROOT = iphoneos;
				VALIDATE_PRODUCT = YES;
			};
			name = Release;
		};
		0482112319D3F98700A43191 /* Debug */ = {
			isa = XCBuildConfiguration;
			buildSettings = {
				ASSETCATALOG_COMPILER_APPICON_NAME = AppIcon;
				INFOPLIST_FILE = Attributor/Info.plist;
				LD_RUNPATH_SEARCH_PATHS = "$(inherited) @executable_path/Frameworks";
				PRODUCT_NAME = "$(TARGET_NAME)";
			};
			name = Debug;
		};
		0482112419D3F98700A43191 /* Release */ = {
			isa = XCBuildConfiguration;
			buildSettings = {
				ASSETCATALOG_COMPILER_APPICON_NAME = AppIcon;
				INFOPLIST_FILE = Attributor/Info.plist;
				LD_RUNPATH_SEARCH_PATHS = "$(inherited) @executable_path/Frameworks";
				PRODUCT_NAME = "$(TARGET_NAME)";
			};
			name = Release;
		};
		0482112619D3F98700A43191 /* Debug */ = {
			isa = XCBuildConfiguration;
			buildSettings = {
				BUNDLE_LOADER = "$(TEST_HOST)";
				FRAMEWORK_SEARCH_PATHS = (
					"$(SDKROOT)/Developer/Library/Frameworks",
					"$(inherited)",
				);
				GCC_PREPROCESSOR_DEFINITIONS = (
					"DEBUG=1",
					"$(inherited)",
				);
				INFOPLIST_FILE = AttributorTests/Info.plist;
				LD_RUNPATH_SEARCH_PATHS = "$(inherited) @executable_path/Frameworks @loader_path/Frameworks";
				PRODUCT_NAME = "$(TARGET_NAME)";
				TEST_HOST = "$(BUILT_PRODUCTS_DIR)/Attributor.app/Attributor";
			};
			name = Debug;
		};
		0482112719D3F98700A43191 /* Release */ = {
			isa = XCBuildConfiguration;
			buildSettings = {
				BUNDLE_LOADER = "$(TEST_HOST)";
				FRAMEWORK_SEARCH_PATHS = (
					"$(SDKROOT)/Developer/Library/Frameworks",
					"$(inherited)",
				);
				INFOPLIST_FILE = AttributorTests/Info.plist;
				LD_RUNPATH_SEARCH_PATHS = "$(inherited) @executable_path/Frameworks @loader_path/Frameworks";
				PRODUCT_NAME = "$(TARGET_NAME)";
				TEST_HOST = "$(BUILT_PRODUCTS_DIR)/Attributor.app/Attributor";
			};
			name = Release;
		};
/* End XCBuildConfiguration section */

/* Begin XCConfigurationList section */
		048210FA19D3F98700A43191 /* Build configuration list for PBXProject "Attributor" */ = {
			isa = XCConfigurationList;
			buildConfigurations = (
				0482112019D3F98700A43191 /* Debug */,
				0482112119D3F98700A43191 /* Release */,
			);
			defaultConfigurationIsVisible = 0;
			defaultConfigurationName = Release;
		};
		0482112219D3F98700A43191 /* Build configuration list for PBXNativeTarget "Attributor" */ = {
			isa = XCConfigurationList;
			buildConfigurations = (
				0482112319D3F98700A43191 /* Debug */,
				0482112419D3F98700A43191 /* Release */,
			);
			defaultConfigurationIsVisible = 0;
			defaultConfigurationName = Release;
		};
		0482112519D3F98700A43191 /* Build configuration list for PBXNativeTarget "AttributorTests" */ = {
			isa = XCConfigurationList;
			buildConfigurations = (
				0482112619D3F98700A43191 /* Debug */,
				0482112719D3F98700A43191 /* Release */,
			);
			defaultConfigurationIsVisible = 0;
			defaultConfigurationName = Release;
		};
/* End XCConfigurationList section */
	};
	rootObject = 048210F719D3F98700A43191 /* Project object */;
}
